
Microsoft Visual Studio Solution File, Format Version 12.00
# Visual Studio Version 17
VisualStudioVersion = 17.9.34622.214
MinimumVisualStudioVersion = 10.0.40219.1
Project("{FAE04EC0-301F-11D3-BF4B-00C04F79EFBC}") = "lablaydiem", "lablaydiem\lablaydiem.csproj", "{D1AD4082-CCAC-48C5-901E-48709C8E3816}"
EndProject
Global
	GlobalSection(SolutionConfigurationPlatforms) = preSolution
		Debug|Any CPU = Debug|Any CPU
		Release|Any CPU = Release|Any CPU
	EndGlobalSection
	GlobalSection(ProjectConfigurationPlatforms) = postSolution
		{D1AD4082-CCAC-48C5-901E-48709C8E3816}.Debug|Any CPU.ActiveCfg = Debug|Any CPU
		{D1AD4082-CCAC-48C5-901E-48709C8E3816}.Debug|Any CPU.Build.0 = Debug|Any CPU
		{D1AD4082-CCAC-48C5-901E-48709C8E3816}.Release|Any CPU.ActiveCfg = Release|Any CPU
		{D1AD4082-CCAC-48C5-901E-48709C8E3816}.Release|Any CPU.Build.0 = Release|Any CPU
	EndGlobalSection
	GlobalSection(SolutionProperties) = preSolution
		HideSolutionNode = FALSE
	EndGlobalSection
	GlobalSection(ExtensibilityGlobals) = postSolution
		SolutionGuid = {1D89CDB9-0CF2-426E-A1D3-126A238A023B}
	EndGlobalSection
EndGlobal
